# Generated by pub
# See https://dart.dev/tools/pub/glossary#lockfile
packages:
  _flutterfire_internals:
    dependency: transitive
    description:
      name: _flutterfire_internals
      sha256: e1d4810cd162d842ab1578239a4279a2402d3c1731c1345286df027c830890f8
      url: "https://pub.dev"
    source: hosted
    version: "1.0.9"
  args:
    dependency: transitive
    description:
      name: args
      sha256: b003c3098049a51720352d219b0bb5f219b60fbfb68e7a4748139a06a5676515
      url: "https://pub.dev"
    source: hosted
    version: "2.3.1"
  async:
    dependency: transitive
    description:
      name: async
      sha256: "947bfcf187f74dbc5e146c9eb9c0f10c9f8b30743e341481c1e2ed3ecc18c20c"
      url: "https://pub.dev"
    source: hosted
    version: "2.11.0"
  audioplayers:
    dependency: "direct main"
    description:
      name: audioplayers
      sha256: fd7f690dff8eacaff4f2d0a5029538b50fac348a78969ede2c812fd66c2a3abe
      url: "https://pub.dev"
    source: hosted
    version: "1.0.1"
  audioplayers_android:
    dependency: transitive
    description:
      name: audioplayers_android
      sha256: cba55fe3f86ad04b3ae40490d316898faafa72ec9a9c08b5c107c878588d2993
      url: "https://pub.dev"
    source: hosted
    version: "1.0.1"
  audioplayers_darwin:
    dependency: transitive
    description:
      name: audioplayers_darwin
      sha256: f1628807d8c68820d112b1bd7b8b588dbf3faf3be29b151b16fdc66060250de6
      url: "https://pub.dev"
    source: hosted
    version: "1.0.1"
  audioplayers_linux:
    dependency: transitive
    description:
      name: audioplayers_linux
      sha256: "773c82a0a8ffed0a0a99cc67306cb290aad9f67185320ac4d85d6d9b5adeb69d"
      url: "https://pub.dev"
    source: hosted
    version: "1.0.0"
  audioplayers_platform_interface:
    dependency: transitive
    description:
      name: audioplayers_platform_interface
      sha256: "55f5053f0fc43e400f6880e0e9f3188b9312077236d8bfc3aaedd7422b28e9b4"
      url: "https://pub.dev"
    source: hosted
    version: "1.0.0"
  audioplayers_web:
    dependency: transitive
    description:
      name: audioplayers_web
      sha256: "58e2d2b4ac9d0110db2797b4d2dce79325b1560dd28b2fba7ae0d3daf255351c"
      url: "https://pub.dev"
    source: hosted
    version: "1.0.0"
  audioplayers_windows:
    dependency: transitive
    description:
      name: audioplayers_windows
      sha256: "52e03a36358474db886012cb7c5818fc6c183a3cb0b404da41c0bd2d35831273"
      url: "https://pub.dev"
    source: hosted
    version: "1.0.0"
  boolean_selector:
    dependency: transitive
    description:
      name: boolean_selector
      sha256: "6cfb5af12253eaf2b368f07bacc5a80d1301a071c73360d746b7f2e32d762c66"
      url: "https://pub.dev"
    source: hosted
    version: "2.1.1"
  cached_network_image:
    dependency: "direct main"
    description:
      name: cached_network_image
      sha256: "28ea9690a8207179c319965c13cd8df184d5ee721ae2ce60f398ced1219cea1f"
      url: "https://pub.dev"
    source: hosted
    version: "3.3.1"
  cached_network_image_platform_interface:
    dependency: transitive
    description:
      name: cached_network_image_platform_interface
      sha256: "9e90e78ae72caa874a323d78fa6301b3fb8fa7ea76a8f96dc5b5bf79f283bf2f"
      url: "https://pub.dev"
    source: hosted
    version: "4.0.0"
  cached_network_image_web:
    dependency: transitive
    description:
      name: cached_network_image_web
      sha256: "42a835caa27c220d1294311ac409a43361088625a4f23c820b006dd9bffb3316"
      url: "https://pub.dev"
    source: hosted
    version: "1.1.1"
  change_app_package_name:
    dependency: "direct main"
    description:
      name: change_app_package_name
      sha256: f9ebaf68a4b5a68c581492579bb68273c523ef325fbf9ce2f1b57fb136ad023b
      url: "https://pub.dev"
    source: hosted
    version: "1.1.0"
  characters:
    dependency: transitive
    description:
      name: characters
      sha256: "04a925763edad70e8443c99234dc3328f442e811f1d8fd1a72f1c8ad0f69a605"
      url: "https://pub.dev"
    source: hosted
    version: "1.3.0"
  clock:
    dependency: transitive
    description:
      name: clock
      sha256: cb6d7f03e1de671e34607e909a7213e31d7752be4fb66a86d29fe1eb14bfb5cf
      url: "https://pub.dev"
    source: hosted
    version: "1.1.1"
  cloud_firestore_platform_interface:
    dependency: transitive
    description:
      name: cloud_firestore_platform_interface
      sha256: ea3d1d12d72ecaa58909d93e50aca53263d3bf06b904a7f0f1dcd5798941c09b
      url: "https://pub.dev"
    source: hosted
    version: "5.9.0"
  cloud_firestore_web:
    dependency: transitive
    description:
      name: cloud_firestore_web
      sha256: "3c9a77380e6a053129c2cb6dbe8ef1b708f4350ce0dad220d2c05cd68a2d467f"
      url: "https://pub.dev"
    source: hosted
    version: "3.1.0"
  collection:
    dependency: transitive
    description:
      name: collection
      sha256: "4a07be6cb69c84d677a6c3096fcf960cc3285a8330b4603e0d463d15d9bd934c"
      url: "https://pub.dev"
    source: hosted
    version: "1.17.1"
  connectivity_plus:
    dependency: "direct main"
    description:
      name: connectivity_plus
      sha256: "56dfb78c922fd19dc93b6e224eed4e0fdc6a54f970c0f406285445ae4bd03fea"
      url: "https://pub.dev"
    source: hosted
    version: "2.3.3"
  connectivity_plus_linux:
    dependency: transitive
    description:
      name: connectivity_plus_linux
      sha256: "3caf859d001f10407b8e48134c761483e4495ae38094ffcca97193f6c271f5e2"
      url: "https://pub.dev"
    source: hosted
    version: "1.3.1"
  connectivity_plus_macos:
    dependency: transitive
    description:
      name: connectivity_plus_macos
      sha256: "488d2de1e47e1224ad486e501b20b088686ba1f4ee9c4420ecbc3b9824f0b920"
      url: "https://pub.dev"
    source: hosted
    version: "1.2.6"
  connectivity_plus_platform_interface:
    dependency: transitive
    description:
      name: connectivity_plus_platform_interface
      sha256: cf1d1c28f4416f8c654d7dc3cd638ec586076255d407cef3ddbdaf178272a71a
      url: "https://pub.dev"
    source: hosted
    version: "1.2.4"
  connectivity_plus_web:
    dependency: transitive
    description:
      name: connectivity_plus_web
      sha256: "81332be1b4baf8898fed17bb4fdef27abb7c6fd990bf98c54fd978478adf2f1a"
      url: "https://pub.dev"
    source: hosted
    version: "1.2.5"
  connectivity_plus_windows:
    dependency: transitive
    description:
      name: connectivity_plus_windows
      sha256: "535b0404b4d5605c4dd8453d67e5d6d2ea0dd36e3b477f50f31af51b0aeab9dd"
      url: "https://pub.dev"
    source: hosted
    version: "1.2.2"
  countdown_widget:
    dependency: "direct main"
    description:
      name: countdown_widget
      sha256: e35529e340e4b7d57839710124cf6792b399dd5f14785f32bda0ce0a96c42f96
      url: "https://pub.dev"
    source: hosted
    version: "2.0.2"
  cross_file:
    dependency: transitive
    description:
      name: cross_file
      sha256: "2f9d2cbccb76127ba28528cb3ae2c2326a122446a83de5a056aaa3880d3882c5"
      url: "https://pub.dev"
    source: hosted
    version: "0.3.3+7"
  crypto:
    dependency: transitive
    description:
      name: crypto
      sha256: aa274aa7774f8964e4f4f38cc994db7b6158dd36e9187aaceaddc994b35c6c67
      url: "https://pub.dev"
    source: hosted
    version: "3.0.2"
  cupertino_icons:
    dependency: "direct main"
    description:
      name: cupertino_icons
      sha256: e35129dc44c9118cee2a5603506d823bab99c68393879edb440e0090d07586be
      url: "https://pub.dev"
    source: hosted
    version: "1.0.5"
  curved_navigation_bar:
    dependency: "direct main"
    description:
      name: curved_navigation_bar
      sha256: ea6412d00c5d83501bbf1cf9d1ac2ff11a20fbaf910c103c95ace7de82910334
      url: "https://pub.dev"
    source: hosted
    version: "1.0.3"
  dbus:
    dependency: transitive
    description:
      name: dbus
      sha256: "6f07cba3f7b3448d42d015bfd3d53fe12e5b36da2423f23838efc1d5fb31a263"
      url: "https://pub.dev"
    source: hosted
    version: "0.7.8"
  device_info_plus:
    dependency: "direct main"
    description:
      name: device_info_plus
      sha256: "0042cb3b2a76413ea5f8a2b40cec2a33e01d0c937e91f0f7c211fde4f7739ba6"
      url: "https://pub.dev"
    source: hosted
    version: "9.1.1"
  device_info_plus_platform_interface:
    dependency: transitive
    description:
      name: device_info_plus_platform_interface
      sha256: d3b01d5868b50ae571cd1dc6e502fc94d956b665756180f7b16ead09e836fd64
      url: "https://pub.dev"
    source: hosted
    version: "7.0.0"
  dotted_border:
    dependency: "direct main"
    description:
      name: dotted_border
      sha256: "07a5c5e8d4e6e992279e190e0352be8faa5b8f96d81c77a78b2d42f060279840"
      url: "https://pub.dev"
    source: hosted
    version: "2.0.0+3"
  double_back_to_close_app:
    dependency: "direct main"
    description:
      name: double_back_to_close_app
      sha256: d19ce4e2f8d2cb9f35bdbc90eecd5c731cc0e6216f5e8f14e7d1e076dafb344a
      url: "https://pub.dev"
    source: hosted
    version: "2.1.0"
  easy_image_viewer:
    dependency: "direct main"
    description:
      name: easy_image_viewer
      sha256: "8eddbbfc20c9f4f276e112326b955e518c950b5c5a1348d4e42565030e83d01d"
      url: "https://pub.dev"
    source: hosted
    version: "1.2.0"
  easy_splash_screen:
    dependency: "direct main"
    description:
      name: easy_splash_screen
      sha256: "69130aebd9da3619c41b7d80a4905064bfe88a3df8a1d1eae2bcb4efd063a6fc"
      url: "https://pub.dev"
    source: hosted
    version: "1.0.4"
  email_validator:
    dependency: "direct main"
    description:
      name: email_validator
      sha256: e9a90f27ab2b915a27d7f9c2a7ddda5dd752d6942616ee83529b686fc086221b
      url: "https://pub.dev"
    source: hosted
    version: "2.1.17"
  fake_async:
    dependency: transitive
    description:
      name: fake_async
      sha256: "511392330127add0b769b75a987850d136345d9227c6b94c96a04cf4a391bf78"
      url: "https://pub.dev"
    source: hosted
    version: "1.3.1"
  ffi:
    dependency: transitive
    description:
      name: ffi
      sha256: a38574032c5f1dd06c4aee541789906c12ccaab8ba01446e800d9c5b79c4a978
      url: "https://pub.dev"
    source: hosted
    version: "2.0.1"
  file:
    dependency: transitive
    description:
      name: file
      sha256: "1b92bec4fc2a72f59a8e15af5f52cd441e4a7860b49499d69dfa817af20e925d"
      url: "https://pub.dev"
    source: hosted
    version: "6.1.4"
  firebase_core:
    dependency: "direct main"
    description:
      name: firebase_core
      sha256: "904bd270364cf4dfaf3c58dc6939c4c7ad26e2877d820dc295ade2cd589d70f3"
      url: "https://pub.dev"
    source: hosted
    version: "2.3.0"
  firebase_core_platform_interface:
    dependency: transitive
    description:
      name: firebase_core_platform_interface
      sha256: "5fab93f5b354648efa62e7cc829c90efb68c8796eecf87e0888cae2d5f3accd4"
      url: "https://pub.dev"
    source: hosted
    version: "4.5.2"
  firebase_core_web:
    dependency: transitive
    description:
      name: firebase_core_web
      sha256: "18b35ce111b0a4266abf723c825bcf9d4e2519d13638cc7f06f2a8dd960c75bc"
      url: "https://pub.dev"
    source: hosted
    version: "2.1.0"
  firebase_in_app_messaging:
    dependency: "direct main"
    description:
      name: firebase_in_app_messaging
      sha256: "6cf8c2b7221de3d516dcff4a6fb1d28850f438ed68596ce7aee96a932d55c57c"
      url: "https://pub.dev"
    source: hosted
    version: "0.7.0+7"
  firebase_in_app_messaging_platform_interface:
    dependency: transitive
    description:
      name: firebase_in_app_messaging_platform_interface
      sha256: "48112e9bd1b1cbea71f718e0d3dc19dd229f67cbab8d8ba5085b7d07cdd1bce7"
      url: "https://pub.dev"
    source: hosted
    version: "0.2.1+26"
  firebase_messaging:
    dependency: "direct main"
    description:
      name: firebase_messaging
      sha256: "29e2d2e20adaff69e0ea55b9034f7c1d28e43e3ed4a3a71f4ea5c5104c2247c7"
      url: "https://pub.dev"
    source: hosted
    version: "14.1.1"
  firebase_messaging_platform_interface:
    dependency: transitive
    description:
      name: firebase_messaging_platform_interface
      sha256: "7367f7cd05d77a620db7e687a71c5560894b8cf742ec09e39dfcd71f484a8fc2"
      url: "https://pub.dev"
    source: hosted
    version: "4.2.7"
  firebase_messaging_web:
    dependency: transitive
    description:
      name: firebase_messaging_web
      sha256: "7a7d909ce0ea17f1d7bd2fbc592641237adbeafa489a435d7aa89f29f2db9e01"
      url: "https://pub.dev"
    source: hosted
    version: "3.2.8"
  flutter:
    dependency: "direct main"
    description: flutter
    source: sdk
    version: "0.0.0"
  flutter_cache_manager:
    dependency: transitive
    description:
      name: flutter_cache_manager
      sha256: "8207f27539deb83732fdda03e259349046a39a4c767269285f449ade355d54ba"
      url: "https://pub.dev"
    source: hosted
    version: "3.3.1"
  flutter_google_places_hoc081098:
    dependency: "direct main"
    description:
      name: flutter_google_places_hoc081098
      sha256: c0c32f7ec0e058f5e5a0666ea93f92df18e4c41c3b3d96d1344811c86275cfd2
      url: "https://pub.dev"
    source: hosted
    version: "1.0.0-nullsafety.5"
  flutter_linkify:
    dependency: "direct main"
    description:
      name: flutter_linkify
      sha256: c89fe74de985ec22f23d3538d2249add085a4f37ac1c29fd79e1a207efb81d63
      url: "https://pub.dev"
    source: hosted
    version: "5.0.2"
  flutter_lints:
    dependency: "direct dev"
    description:
      name: flutter_lints
      sha256: aeb0b80a8b3709709c9cc496cdc027c5b3216796bc0af0ce1007eaf24464fd4c
      url: "https://pub.dev"
    source: hosted
    version: "2.0.1"
  flutter_local_notifications:
    dependency: "direct main"
    description:
      name: flutter_local_notifications
      sha256: "13e68f60b920d9b7699d9f305ccafa92b23659bb8b9594f097a60704281166b0"
      url: "https://pub.dev"
    source: hosted
    version: "9.2.0"
  flutter_local_notifications_linux:
    dependency: transitive
    description:
      name: flutter_local_notifications_linux
      sha256: "51ef74118fb9a712bd394808066a20117865e0c34b3228002d02730b59a8ef64"
      url: "https://pub.dev"
    source: hosted
    version: "0.4.2"
  flutter_local_notifications_platform_interface:
    dependency: transitive
    description:
      name: flutter_local_notifications_platform_interface
      sha256: "21bceee103a66a53b30ea9daf677f990e5b9e89b62f222e60dd241cd08d63d3a"
      url: "https://pub.dev"
    source: hosted
    version: "5.0.0"
  flutter_plugin_android_lifecycle:
    dependency: transitive
    description:
      name: flutter_plugin_android_lifecycle
      sha256: c224ac897bed083dabf11f238dd11a239809b446740be0c2044608c50029ffdf
      url: "https://pub.dev"
    source: hosted
    version: "2.0.9"
  flutter_progress_hud:
    dependency: "direct main"
    description:
      name: flutter_progress_hud
      sha256: "19a4889460b7482c5026a936b768996dade4daad8570e8c0493e292d57121dbb"
      url: "https://pub.dev"
    source: hosted
    version: "2.0.2"
  flutter_svg:
    dependency: "direct main"
    description:
      name: flutter_svg
      sha256: "6ff9fa12892ae074092de2fa6a9938fb21dbabfdaa2ff57dc697ff912fc8d4b2"
      url: "https://pub.dev"
    source: hosted
    version: "1.1.6"
  flutter_test:
    dependency: "direct dev"
    description: flutter
    source: sdk
    version: "0.0.0"
  flutter_web_plugins:
    dependency: transitive
    description: flutter
    source: sdk
    version: "0.0.0"
  geocoding:
    dependency: "direct main"
    description:
      name: geocoding
      sha256: e1dc0ac56666d9ed1d5a9ae5543ce9eb5986db6209cc7600103487d09192059c
      url: "https://pub.dev"
    source: hosted
    version: "2.1.1"
  geocoding_android:
    dependency: transitive
    description:
      name: geocoding_android
      sha256: "609db1d71bc364dd9d0616f72a41c01e0c74f3a3807efb85e0d5a67e57baf50f"
      url: "https://pub.dev"
    source: hosted
    version: "2.1.2"
  geocoding_ios:
    dependency: transitive
    description:
      name: geocoding_ios
      sha256: "8f79e380abb640ef4d88baee8bb65390058c802601158d0813dc990b36b189d2"
      url: "https://pub.dev"
    source: hosted
    version: "2.1.1"
  geocoding_platform_interface:
    dependency: transitive
    description:
      name: geocoding_platform_interface
      sha256: "8848605d307d844d89937cdb4b8ad7dfa880552078f310fa24d8a460f6dddab4"
      url: "https://pub.dev"
    source: hosted
    version: "2.0.1"
  geolocator:
    dependency: "direct main"
    description:
      name: geolocator
      sha256: f659200283c62dffa4b7ea107bfe22eaa19c4490f94dc623986aad39caa1dd0d
      url: "https://pub.dev"
    source: hosted
    version: "7.0.0"
  geolocator_platform_interface:
    dependency: transitive
    description:
      name: geolocator_platform_interface
      sha256: "9d6f34a8a4b704d504f34acc5e52d880a7d2caedd99739902d6319179b0336d4"
      url: "https://pub.dev"
    source: hosted
    version: "2.3.6"
  geolocator_web:
    dependency: transitive
    description:
      name: geolocator_web
      sha256: "0b9e0ec13ce2211085cae0055b3516c975bd6cfe2878a20c8f13611f1a259855"
      url: "https://pub.dev"
    source: hosted
    version: "2.0.6"
  get:
    dependency: "direct main"
    description:
      name: get
      sha256: "2ba20a47c8f1f233bed775ba2dd0d3ac97b4cf32fc17731b3dfc672b06b0e92a"
      url: "https://pub.dev"
    source: hosted
    version: "4.6.5"
  get_storage:
    dependency: "direct main"
    description:
      name: get_storage
      sha256: "00b3908d9cd4138738b4db69bcc0fc1cf4ee8570c06594136569470f32a84207"
      url: "https://pub.dev"
    source: hosted
    version: "2.0.3"
  google_api_headers:
    dependency: "direct main"
    description:
      name: google_api_headers
      sha256: ac6f4e27e35c9eb4fbe8ce4ce7380e651d3a7bee3ad4c2ff30e67aaa73f005d3
      url: "https://pub.dev"
    source: hosted
    version: "1.5.0+1"
  google_maps_flutter:
    dependency: "direct main"
    description:
      name: google_maps_flutter
      sha256: "52fd8f09a1ec0fdbde7512b9fe17aa3f836238d708fe6bfdac791179cc5eddbc"
      url: "https://pub.dev"
    source: hosted
    version: "2.0.0"
  google_maps_flutter_platform_interface:
    dependency: transitive
    description:
      name: google_maps_flutter_platform_interface
      sha256: a07811d2b82055815ede75e1fe4b7b76f71a0b4820b26f71bdaddd157d6a3e20
      url: "https://pub.dev"
    source: hosted
    version: "2.2.6"
  google_maps_webservice:
    dependency: "direct main"
    description:
      name: google_maps_webservice
      sha256: d0ae4e4508afd74a3f051565261a3cdbae59db29448f9b6e6beb5674545e1eb7
      url: "https://pub.dev"
    source: hosted
    version: "0.0.20-nullsafety.5"
  hl_image_picker:
    dependency: "direct main"
    description:
      name: hl_image_picker
      sha256: eb08f4942a662a6afb2ff5215f354a0f9774571d32d683a7c13d921d100cba30
      url: "https://pub.dev"
    source: hosted
    version: "1.2.12"
  hl_image_picker_android:
    dependency: transitive
    description:
      name: hl_image_picker_android
      sha256: "58a385416ace3604180cbf7388ff979088da3dbdc96137787d8595ec7e35a707"
      url: "https://pub.dev"
    source: hosted
    version: "1.2.7"
  hl_image_picker_ios:
    dependency: transitive
    description:
      name: hl_image_picker_ios
      sha256: f1ea32af52246629820d004cb08c3da9ea4e71b5dd15f0a95de84b4431c3c0bb
      url: "https://pub.dev"
    source: hosted
    version: "1.2.8"
  hl_image_picker_platform_interface:
    dependency: transitive
    description:
      name: hl_image_picker_platform_interface
      sha256: "39ae56b92047aaec355dbd8caa824c73f1834ee0fc6e36b25e28b2f1ff8d9e7d"
      url: "https://pub.dev"
    source: hosted
    version: "1.2.3"
  http:
    dependency: "direct main"
    description:
      name: http
      sha256: "6aa2946395183537c8b880962d935877325d6a09a2867c3970c05c0fed6ac482"
      url: "https://pub.dev"
    source: hosted
    version: "0.13.5"
  http_parser:
    dependency: transitive
    description:
      name: http_parser
      sha256: "2aa08ce0341cc9b354a498388e30986515406668dbcc4f7c950c3e715496693b"
      url: "https://pub.dev"
    source: hosted
    version: "4.0.2"
  internet_connection_checker:
    dependency: "direct main"
    description:
      name: internet_connection_checker
      sha256: "6836d1e2193b3deab615820084a69521ec245550aba6e0a91b21c3757129872e"
      url: "https://pub.dev"
    source: hosted
    version: "0.0.1+4"
  intl:
    dependency: "direct main"
    description:
      name: intl
      sha256: "910f85bce16fb5c6f614e117efa303e85a1731bb0081edf3604a2ae6e9a3cc91"
      url: "https://pub.dev"
    source: hosted
    version: "0.17.0"
  js:
    dependency: transitive
    description:
      name: js
      sha256: f2c445dce49627136094980615a031419f7f3eb393237e4ecd97ac15dea343f3
      url: "https://pub.dev"
    source: hosted
    version: "0.6.7"
  json_annotation:
    dependency: transitive
    description:
      name: json_annotation
      sha256: "3520fa844009431b5d4491a5a778603520cdc399ab3406332dcc50f93547258c"
      url: "https://pub.dev"
    source: hosted
    version: "4.7.0"
  linkify:
    dependency: transitive
    description:
      name: linkify
      sha256: bdfbdafec6cdc9cd0ebb333a868cafc046714ad508e48be8095208c54691d959
      url: "https://pub.dev"
    source: hosted
    version: "4.1.0"
  lints:
    dependency: transitive
    description:
      name: lints
      sha256: "5e4a9cd06d447758280a8ac2405101e0e2094d2a1dbdd3756aec3fe7775ba593"
      url: "https://pub.dev"
    source: hosted
    version: "2.0.1"
  listenable_stream:
    dependency: transitive
    description:
      name: listenable_stream
      sha256: "5458276035c7eb66477c30f8eab0942e56537ba3d268172574f7af97e265e894"
      url: "https://pub.dev"
    source: hosted
    version: "1.1.0"
  matcher:
    dependency: transitive
    description:
      name: matcher
      sha256: "6501fbd55da300384b768785b83e5ce66991266cec21af89ab9ae7f5ce1c4cbb"
      url: "https://pub.dev"
    source: hosted
    version: "0.12.15"
  material_color_utilities:
    dependency: transitive
    description:
      name: material_color_utilities
      sha256: d92141dc6fe1dad30722f9aa826c7fbc896d021d792f80678280601aff8cf724
      url: "https://pub.dev"
    source: hosted
    version: "0.2.0"
  meta:
    dependency: transitive
    description:
      name: meta
      sha256: "3c74dbf8763d36539f114c799d8a2d87343b5067e9d796ca22b5eb8437090ee3"
      url: "https://pub.dev"
    source: hosted
    version: "1.9.1"
  mime:
    dependency: transitive
    description:
      name: mime
      sha256: e4ff8e8564c03f255408decd16e7899da1733852a9110a58fe6d1b817684a63e
      url: "https://pub.dev"
    source: hosted
    version: "1.0.4"
  modal_progress_hud_nsn:
    dependency: "direct main"
    description:
      name: modal_progress_hud_nsn
      sha256: "408b9bcce97567de94637de932260e50be48db1842edc761aeea61670e5ec30c"
      url: "https://pub.dev"
    source: hosted
    version: "0.3.0"
  mutex:
    dependency: transitive
    description:
      name: mutex
      sha256: "03116a4e46282a671b46c12de649d72c0ed18188ffe12a8d0fc63e83f4ad88f4"
      url: "https://pub.dev"
    source: hosted
    version: "3.0.1"
  nested:
    dependency: transitive
    description:
      name: nested
      sha256: "03bac4c528c64c95c722ec99280375a6f2fc708eec17c7b3f07253b626cd2a20"
      url: "https://pub.dev"
    source: hosted
    version: "1.0.0"
  nm:
    dependency: transitive
    description:
      name: nm
      sha256: "2c9aae4127bdc8993206464fcc063611e0e36e72018696cd9631023a31b24254"
      url: "https://pub.dev"
    source: hosted
    version: "0.5.0"
  octo_image:
    dependency: transitive
    description:
      name: octo_image
      sha256: "45b40f99622f11901238e18d48f5f12ea36426d8eced9f4cbf58479c7aa2430d"
      url: "https://pub.dev"
    source: hosted
    version: "2.0.0"
  package_info_plus:
    dependency: transitive
    description:
      name: package_info_plus
      sha256: "8df5ab0a481d7dc20c0e63809e90a588e496d276ba53358afc4c4443d0a00697"
      url: "https://pub.dev"
    source: hosted
    version: "3.0.3"
  package_info_plus_platform_interface:
    dependency: transitive
    description:
      name: package_info_plus_platform_interface
      sha256: "9bc8ba46813a4cc42c66ab781470711781940780fd8beddd0c3da62506d3a6c6"
      url: "https://pub.dev"
    source: hosted
    version: "2.0.1"
  path:
    dependency: transitive
    description:
      name: path
      sha256: "8829d8a55c13fc0e37127c29fedf290c102f4e40ae94ada574091fe0ff96c917"
      url: "https://pub.dev"
    source: hosted
    version: "1.8.3"
  path_drawing:
    dependency: transitive
    description:
      name: path_drawing
      sha256: bbb1934c0cbb03091af082a6389ca2080345291ef07a5fa6d6e078ba8682f977
      url: "https://pub.dev"
    source: hosted
    version: "1.0.1"
  path_parsing:
    dependency: transitive
    description:
      name: path_parsing
      sha256: e3e67b1629e6f7e8100b367d3db6ba6af4b1f0bb80f64db18ef1fbabd2fa9ccf
      url: "https://pub.dev"
    source: hosted
    version: "1.0.1"
  path_provider:
    dependency: transitive
    description:
      name: path_provider
      sha256: "050e8e85e4b7fecdf2bb3682c1c64c4887a183720c802d323de8a5fd76d372dd"
      url: "https://pub.dev"
    source: hosted
    version: "2.0.11"
  path_provider_android:
    dependency: transitive
    description:
      name: path_provider_android
      sha256: a776c088d671b27f6e3aa8881d64b87b3e80201c64e8869b811325de7a76c15e
      url: "https://pub.dev"
    source: hosted
    version: "2.0.22"
  path_provider_ios:
    dependency: transitive
    description:
      name: path_provider_ios
      sha256: "03d639406f5343478352433f00d3c4394d52dac8df3d847869c5e2333e0bbce8"
      url: "https://pub.dev"
    source: hosted
    version: "2.0.11"
  path_provider_linux:
    dependency: transitive
    description:
      name: path_provider_linux
      sha256: ab0987bf95bc591da42dffb38c77398fc43309f0b9b894dcc5d6f40c4b26c379
      url: "https://pub.dev"
    source: hosted
    version: "2.1.7"
  path_provider_macos:
    dependency: transitive
    description:
      name: path_provider_macos
      sha256: cd57cb98a30ce9d12fdd1896d9d3b0517ce689f942de6ccd2708cd39b3d18a7c
      url: "https://pub.dev"
    source: hosted
    version: "2.0.7"
  path_provider_platform_interface:
    dependency: transitive
    description:
      name: path_provider_platform_interface
      sha256: f0abc8ebd7253741f05488b4813d936b4d07c6bae3e86148a09e342ee4b08e76
      url: "https://pub.dev"
    source: hosted
    version: "2.0.5"
  path_provider_windows:
    dependency: transitive
    description:
      name: path_provider_windows
      sha256: "1cb68ba4cd3a795033de62ba1b7b4564dace301f952de6bfb3cd91b202b6ee96"
      url: "https://pub.dev"
    source: hosted
    version: "2.1.7"
  permission_handler:
    dependency: "direct main"
    description:
      name: permission_handler
      sha256: "390a98f0b998e78f839a687a41ed6fb887103c96224ce43be3d4f2b3cbc2b720"
      url: "https://pub.dev"
    source: hosted
    version: "6.1.3"
  permission_handler_platform_interface:
    dependency: transitive
    description:
      name: permission_handler_platform_interface
      sha256: "6760eb5ef34589224771010805bea6054ad28453906936f843a8cc4d3a55c4a4"
      url: "https://pub.dev"
    source: hosted
    version: "3.12.0"
  petitparser:
    dependency: transitive
    description:
      name: petitparser
      sha256: "2ebb289dc4764ec397f5cd3ca9881c6d17196130a7d646ed022a0dd9c2e25a71"
      url: "https://pub.dev"
    source: hosted
    version: "5.0.0"
  pin_code_fields:
    dependency: "direct main"
    description:
      name: pin_code_fields
      sha256: c8652519d14688f3fe2a8288d86910a46aa0b9046d728f292d3bf6067c31b4c7
      url: "https://pub.dev"
    source: hosted
    version: "7.4.0"
  pin_input_text_field:
    dependency: transitive
    description:
      name: pin_input_text_field
      sha256: "569861876d5c67994adc58ddd15e93bd0057c4f26d7e5599ccde880d05813463"
      url: "https://pub.dev"
    source: hosted
    version: "4.4.1"
  platform:
    dependency: transitive
    description:
      name: platform
      sha256: "4a451831508d7d6ca779f7ac6e212b4023dd5a7d08a27a63da33756410e32b76"
      url: "https://pub.dev"
    source: hosted
    version: "3.1.0"
  plugin_platform_interface:
    dependency: transitive
    description:
      name: plugin_platform_interface
      sha256: dbf0f707c78beedc9200146ad3cb0ab4d5da13c246336987be6940f026500d3a
      url: "https://pub.dev"
    source: hosted
    version: "2.1.3"
  process:
    dependency: transitive
    description:
      name: process
      sha256: "53fd8db9cec1d37b0574e12f07520d582019cb6c44abf5479a01505099a34a09"
      url: "https://pub.dev"
    source: hosted
    version: "4.2.4"
  provider:
    dependency: "direct main"
    description:
      name: provider
      sha256: cdbe7530b12ecd9eb455bdaa2fcb8d4dad22e80b8afb4798b41479d5ce26847f
      url: "https://pub.dev"
    source: hosted
    version: "6.0.5"
  rxdart:
    dependency: transitive
    description:
      name: rxdart
      sha256: "0c7c0cedd93788d996e33041ffecda924cc54389199cde4e6a34b440f50044cb"
      url: "https://pub.dev"
    source: hosted
    version: "0.27.7"
  share_plus:
    dependency: "direct main"
    description:
      name: share_plus
      sha256: f582d5741930f3ad1bf0211d358eddc0508cc346e5b4b248bd1e569c995ebb7a
      url: "https://pub.dev"
    source: hosted
    version: "4.5.3"
  share_plus_linux:
    dependency: transitive
    description:
      name: share_plus_linux
      sha256: dc32bf9f1151b9864bb86a997c61a487967a08f2e0b4feaa9a10538712224da4
      url: "https://pub.dev"
    source: hosted
    version: "3.0.1"
  share_plus_macos:
    dependency: transitive
    description:
      name: share_plus_macos
      sha256: "44daa946f2845045ecd7abb3569b61cd9a55ae9cc4cbec9895b2067b270697ae"
      url: "https://pub.dev"
    source: hosted
    version: "3.0.1"
  share_plus_platform_interface:
    dependency: transitive
    description:
      name: share_plus_platform_interface
      sha256: "0c6e61471bd71b04a138b8b588fa388e66d8b005e6f2deda63371c5c505a0981"
      url: "https://pub.dev"
    source: hosted
    version: "3.2.1"
  share_plus_web:
    dependency: transitive
    description:
      name: share_plus_web
      sha256: eaef05fa8548b372253e772837dd1fbe4ce3aca30ea330765c945d7d4f7c9935
      url: "https://pub.dev"
    source: hosted
    version: "3.1.0"
  share_plus_windows:
    dependency: transitive
    description:
      name: share_plus_windows
      sha256: "3a21515ae7d46988d42130cd53294849e280a5de6ace24bae6912a1bffd757d4"
      url: "https://pub.dev"
    source: hosted
    version: "3.0.1"
  shared_preferences:
    dependency: "direct main"
    description:
      name: shared_preferences
      sha256: "95688ad7fc320f8566f28e2ee91b6743c10b433ccc262f6469f3007f2aa62e78"
      url: "https://pub.dev"
    source: hosted
    version: "2.0.16"
  shared_preferences_android:
    dependency: transitive
    description:
      name: shared_preferences_android
      sha256: "8e251f3c986002b65fed6396bce81f379fb63c27317d49743cf289fd0fd1ab97"
      url: "https://pub.dev"
    source: hosted
    version: "2.0.14"
  shared_preferences_foundation:
    dependency: transitive
    description:
      name: shared_preferences_foundation
      sha256: f451880807c86a6d4591642c8250ee17197cabef8536f072d3c44013dca44e04
      url: "https://pub.dev"
    source: hosted
    version: "2.1.1"
  shared_preferences_linux:
    dependency: transitive
    description:
      name: shared_preferences_linux
      sha256: fbc3cd6826896b66a5f576b025e4f344f780c84ea7f8203097a353370607a2c8
      url: "https://pub.dev"
    source: hosted
    version: "2.1.2"
  shared_preferences_platform_interface:
    dependency: transitive
    description:
      name: shared_preferences_platform_interface
      sha256: da9431745ede5ece47bc26d5d73a9d3c6936ef6945c101a5aca46f62e52c1cf3
      url: "https://pub.dev"
    source: hosted
    version: "2.1.0"
  shared_preferences_web:
    dependency: transitive
    description:
      name: shared_preferences_web
      sha256: a4b5bc37fe1b368bbc81f953197d55e12f49d0296e7e412dfe2d2d77d6929958
      url: "https://pub.dev"
    source: hosted
    version: "2.0.4"
  shared_preferences_windows:
    dependency: transitive
    description:
      name: shared_preferences_windows
      sha256: "07c274c2115d4d5e4280622abb09f0980e2c5b1fcdc98ae9f59a3bad5bfc1f26"
      url: "https://pub.dev"
    source: hosted
    version: "2.1.2"
  sky_engine:
    dependency: transitive
    description: flutter
    source: sdk
    version: "0.0.99"
  sms_autofill:
    dependency: "direct main"
    description:
      name: sms_autofill
      sha256: "2eb159f53ed7d76002d6c15cad99e14dbd5f997f3bb7f9bcad9bd44ba5fcd6c3"
      url: "https://pub.dev"
    source: hosted
    version: "2.3.0"
  source_span:
    dependency: transitive
    description:
      name: source_span
      sha256: dd904f795d4b4f3b870833847c461801f6750a9fa8e61ea5ac53f9422b31f250
      url: "https://pub.dev"
    source: hosted
    version: "1.9.1"
  sqflite:
    dependency: transitive
    description:
      name: sqflite
      sha256: b3a8307b9519af28518e271e548594bdc435225fc77e8fb22e71a296c69281cf
      url: "https://pub.dev"
    source: hosted
    version: "2.0.3+1"
  sqflite_common:
    dependency: transitive
    description:
      name: sqflite_common
      sha256: "4aa3b917d48f9a3161419efa4a901e33a38721bf9a7465e7e07d2d6ef8895276"
      url: "https://pub.dev"
    source: hosted
    version: "2.4.0"
  stack_trace:
    dependency: transitive
    description:
      name: stack_trace
      sha256: c3c7d8edb15bee7f0f74debd4b9c5f3c2ea86766fe4178eb2a18eb30a0bdaed5
      url: "https://pub.dev"
    source: hosted
    version: "1.11.0"
  stream_channel:
    dependency: transitive
    description:
      name: stream_channel
      sha256: "83615bee9045c1d322bbbd1ba209b7a749c2cbcdcb3fdd1df8eb488b3279c1c8"
      url: "https://pub.dev"
    source: hosted
    version: "2.1.1"
  stream_transform:
    dependency: transitive
    description:
      name: stream_transform
      sha256: "14a00e794c7c11aa145a170587321aedce29769c08d7f58b1d141da75e3b1c6f"
      url: "https://pub.dev"
    source: hosted
    version: "2.1.0"
  string_scanner:
    dependency: transitive
    description:
      name: string_scanner
      sha256: "556692adab6cfa87322a115640c11f13cb77b3f076ddcc5d6ae3c20242bedcde"
      url: "https://pub.dev"
    source: hosted
    version: "1.2.0"
  synchronized:
    dependency: transitive
    description:
      name: synchronized
      sha256: "7b530acd9cb7c71b0019a1e7fa22c4105e675557a4400b6a401c71c5e0ade1ac"
      url: "https://pub.dev"
    source: hosted
    version: "3.0.0+3"
  term_glyph:
    dependency: transitive
    description:
      name: term_glyph
      sha256: a29248a84fbb7c79282b40b8c72a1209db169a2e0542bce341da992fe1bc7e84
      url: "https://pub.dev"
    source: hosted
    version: "1.2.1"
  test_api:
    dependency: transitive
    description:
      name: test_api
      sha256: eb6ac1540b26de412b3403a163d919ba86f6a973fe6cc50ae3541b80092fdcfb
      url: "https://pub.dev"
    source: hosted
    version: "0.5.1"
  timezone:
    dependency: transitive
    description:
      name: timezone
      sha256: "57b35f6e8ef731f18529695bffc62f92c6189fac2e52c12d478dec1931afb66e"
      url: "https://pub.dev"
    source: hosted
    version: "0.8.0"
  typed_data:
    dependency: transitive
    description:
      name: typed_data
      sha256: "26f87ade979c47a150c9eaab93ccd2bebe70a27dc0b4b29517f2904f04eb11a5"
      url: "https://pub.dev"
    source: hosted
    version: "1.3.1"
  url_launcher:
    dependency: "direct main"
    description:
      name: url_launcher
      sha256: "75f2846facd11168d007529d6cd8fcb2b750186bea046af9711f10b907e1587e"
      url: "https://pub.dev"
    source: hosted
    version: "6.1.10"
  url_launcher_android:
    dependency: transitive
    description:
      name: url_launcher_android
      sha256: "1f4d9ebe86f333c15d318f81dcdc08b01d45da44af74552608455ebdc08d9732"
      url: "https://pub.dev"
    source: hosted
    version: "6.0.24"
  url_launcher_ios:
    dependency: transitive
    description:
      name: url_launcher_ios
      sha256: bb328b24d3bccc20bdf1024a0990ac4f869d57663660de9c936fb8c043edefe3
      url: "https://pub.dev"
    source: hosted
    version: "6.0.18"
  url_launcher_linux:
    dependency: transitive
    description:
      name: url_launcher_linux
      sha256: e29039160ab3730e42f3d811dc2a6d5f2864b90a70fb765ea60144b03307f682
      url: "https://pub.dev"
    source: hosted
    version: "3.0.3"
  url_launcher_macos:
    dependency: transitive
    description:
      name: url_launcher_macos
      sha256: "2dddb3291a57b074dade66b5e07e64401dd2487caefd4e9e2f467138d8c7eb06"
      url: "https://pub.dev"
    source: hosted
    version: "3.0.3"
  url_launcher_platform_interface:
    dependency: transitive
    description:
      name: url_launcher_platform_interface
      sha256: "6c9ca697a5ae218ce56cece69d46128169a58aa8653c1b01d26fcd4aad8c4370"
      url: "https://pub.dev"
    source: hosted
    version: "2.1.2"
  url_launcher_web:
    dependency: transitive
    description:
      name: url_launcher_web
      sha256: "574cfbe2390666003c3a1d129bdc4574aaa6728f0c00a4829a81c316de69dd9b"
      url: "https://pub.dev"
    source: hosted
    version: "2.0.15"
  url_launcher_windows:
    dependency: transitive
    description:
      name: url_launcher_windows
      sha256: "97c9067950a0d09cbd93e2e3f0383d1403989362b97102fbf446473a48079a4b"
      url: "https://pub.dev"
    source: hosted
    version: "3.0.4"
  uuid:
    dependency: transitive
    description:
      name: uuid
      sha256: "648e103079f7c64a36dc7d39369cabb358d377078a051d6ae2ad3aa539519313"
      url: "https://pub.dev"
    source: hosted
    version: "3.0.7"
  vector_math:
    dependency: transitive
    description:
      name: vector_math
      sha256: "80b3257d1492ce4d091729e3a67a60407d227c27241d6927be0130c98e741803"
      url: "https://pub.dev"
    source: hosted
    version: "2.1.4"
  vibration:
    dependency: "direct main"
    description:
      name: vibration
      sha256: "778ace40e84852e6cf6017cdbaf6790a837d73ff3dd50b27da9ac232a19de8fc"
      url: "https://pub.dev"
    source: hosted
    version: "1.8.4"
  win32:
    dependency: transitive
    description:
      name: win32
      sha256: "5a751eddf9db89b3e5f9d50c20ab8612296e4e8db69009788d6c8b060a84191c"
      url: "https://pub.dev"
    source: hosted
    version: "4.1.4"
  win32_registry:
    dependency: transitive
    description:
      name: win32_registry
      sha256: "1c52f994bdccb77103a6231ad4ea331a244dbcef5d1f37d8462f713143b0bfae"
      url: "https://pub.dev"
    source: hosted
    version: "1.1.0"
  xdg_directories:
    dependency: transitive
    description:
      name: xdg_directories
      sha256: "11541eedefbcaec9de35aa82650b695297ce668662bbd6e3911a7fabdbde589f"
      url: "https://pub.dev"
    source: hosted
    version: "0.2.0+2"
  xml:
    dependency: transitive
    description:
      name: xml
      sha256: ac0e3f4bf00ba2708c33fbabbbe766300e509f8c82dbd4ab6525039813f7e2fb
      url: "https://pub.dev"
    source: hosted
    version: "6.1.0"
sdks:
  dart: ">=3.0.0 <4.0.0"
  flutter: ">=3.10.0"
